
Microsoft Visual Studio Solution File, Format Version 12.00
# Visual Studio Version 17
VisualStudioVersion = 17.14.36915.13 d17.14
MinimumVisualStudioVersion = 10.0.40219.1
Project("{FAE04EC0-301F-11D3-BF4B-00C04F79EFBC}") = "GLMS", "GLMS\GLMS.csproj", "{F70929DF-F0D5-45C6-B9B7-626003A4F01A}"
EndProject
Project("{FAE04EC0-301F-11D3-BF4B-00C04F79EFBC}") = "GLMS.Tests", "GLMS.Tests\GLMS.Tests.csproj", "{B33F533D-5D30-421A-8AEF-7BB39819CD14}"
EndProject
Global
	GlobalSection(SolutionConfigurationPlatforms) = preSolution
		Debug|Any CPU = Debug|Any CPU
		Release|Any CPU = Release|Any CPU
	EndGlobalSection
	GlobalSection(ProjectConfigurationPlatforms) = postSolution
		{F70929DF-F0D5-45C6-B9B7-626003A4F01A}.Debug|Any CPU.ActiveCfg = Debug|Any CPU
		{F70929DF-F0D5-45C6-B9B7-626003A4F01A}.Debug|Any CPU.Build.0 = Debug|Any CPU
		{F70929DF-F0D5-45C6-B9B7-626003A4F01A}.Release|Any CPU.ActiveCfg = Release|Any CPU
		{F70929DF-F0D5-45C6-B9B7-626003A4F01A}.Release|Any CPU.Build.0 = Release|Any CPU
		{B33F533D-5D30-421A-8AEF-7BB39819CD14}.Debug|Any CPU.ActiveCfg = Debug|Any CPU
		{B33F533D-5D30-421A-8AEF-7BB39819CD14}.Debug|Any CPU.Build.0 = Debug|Any CPU
		{B33F533D-5D30-421A-8AEF-7BB39819CD14}.Release|Any CPU.ActiveCfg = Release|Any CPU
		{B33F533D-5D30-421A-8AEF-7BB39819CD14}.Release|Any CPU.Build.0 = Release|Any CPU
	EndGlobalSection
	GlobalSection(SolutionProperties) = preSolution
		HideSolutionNode = FALSE
	EndGlobalSection
	GlobalSection(ExtensibilityGlobals) = postSolution
		SolutionGuid = {ED362F43-CB75-4FB3-B79E-675F745B1AEF}
	EndGlobalSection
EndGlobal
